<?xml version="1.0" encoding="utf-8"?>
<Project ToolsVersion="4.0" xmlns="http://schemas.microsoft.com/developer/msbuild/2003">
  <ItemGroup>
    <Filter Include="源文件">
      <UniqueIdentifier>{4FC737F1-C7A5-4376-A066-2A32D752A2FF}</UniqueIdentifier>
      <Extensions>cpp;c;cc;cxx;def;odl;idl;hpj;bat;asm;asmx</Extensions>
    </Filter>
    <Filter Include="头文件">
      <UniqueIdentifier>{93995380-89BD-4b04-88EB-625FBE52EBFB}</UniqueIdentifier>
      <Extensions>h;hh;hpp;hxx;hm;inl;inc;xsd</Extensions>
    </Filter>
    <Filter Include="资源文件">
      <UniqueIdentifier>{67DA6AB6-F800-4c08-8B7A-83BB121AAD01}</UniqueIdentifier>
      <Extensions>rc;ico;cur;bmp;dlg;rc2;rct;bin;rgs;gif;jpg;jpeg;jpe;resx;tiff;tif;png;wav;mfcribbon-ms</Extensions>
    </Filter>
  </ItemGroup>
  <ItemGroup>
    <ClCompile Include="Errors.cpp">
      <Filter>源文件</Filter>
    </ClCompile>
    <ClCompile Include="GLSLProgram.cpp">
      <Filter>源文件</Filter>
    </ClCompile>
    <ClCompile Include="ImageLoader.cpp">
      <Filter>源文件</Filter>
    </ClCompile>
    <ClCompile Include="IOManager.cpp">
      <Filter>源文件</Filter>
    </ClCompile>
    <ClCompile Include="picoPng.cpp">
      <Filter>源文件</Filter>
    </ClCompile>
    <ClCompile Include="ResourceManager.cpp">
      <Filter>源文件</Filter>
    </ClCompile>
    <ClCompile Include="Sprite.cpp">
      <Filter>源文件</Filter>
    </ClCompile>
    <ClCompile Include="TextureCache.cpp">
      <Filter>源文件</Filter>
    </ClCompile>
    <ClCompile Include="Window.cpp">
      <Filter>源文件</Filter>
    </ClCompile>
    <ClCompile Include="NeroEngine.cpp">
      <Filter>源文件</Filter>
    </ClCompile>
    <ClCompile Include="Camera2D.cpp">
      <Filter>源文件</Filter>
    </ClCompile>
    <ClCompile Include="SpriteBatch.cpp">
      <Filter>源文件</Filter>
    </ClCompile>
    <ClCompile Include="InputManager.cpp">
      <Filter>源文件</Filter>
    </ClCompile>
    <ClCompile Include="Timing.cpp">
      <Filter>源文件</Filter>
    </ClCompile>
    <ClCompile Include="SpriteFont.cpp">
      <Filter>源文件</Filter>
    </ClCompile>
    <ClCompile Include="AudioEngine.cpp">
      <Filter>源文件</Filter>
    </ClCompile>
    <ClCompile Include="ParticleEngine2D.cpp">
      <Filter>源文件</Filter>
    </ClCompile>
    <ClCompile Include="ParticleBatch2D.cpp">
      <Filter>源文件</Filter>
    </ClCompile>
    <ClCompile Include="Box2D.cpp">
      <Filter>源文件</Filter>
    </ClCompile>
  </ItemGroup>
  <ItemGroup>
    <ClInclude Include="Errors.h">
      <Filter>头文件</Filter>
    </ClInclude>
    <ClInclude Include="GLSLProgram.h">
      <Filter>头文件</Filter>
    </ClInclude>
    <ClInclude Include="GLTexture.h">
      <Filter>头文件</Filter>
    </ClInclude>
    <ClInclude Include="ImageLoader.h">
      <Filter>头文件</Filter>
    </ClInclude>
    <ClInclude Include="IOManager.h">
      <Filter>头文件</Filter>
    </ClInclude>
    <ClInclude Include="picoPNG.h">
      <Filter>头文件</Filter>
    </ClInclude>
    <ClInclude Include="ResourceManager.h">
      <Filter>头文件</Filter>
    </ClInclude>
    <ClInclude Include="Sprite.h">
      <Filter>头文件</Filter>
    </ClInclude>
    <ClInclude Include="TextureCache.h">
      <Filter>头文件</Filter>
    </ClInclude>
    <ClInclude Include="Vertex.h">
      <Filter>头文件</Filter>
    </ClInclude>
    <ClInclude Include="Window.h">
      <Filter>头文件</Filter>
    </ClInclude>
    <ClInclude Include="NeroEngine.h">
      <Filter>头文件</Filter>
    </ClInclude>
    <ClInclude Include="Camera2D.h">
      <Filter>头文件</Filter>
    </ClInclude>
    <ClInclude Include="SpriteBatch.h">
      <Filter>头文件</Filter>
    </ClInclude>
    <ClInclude Include="InputManager.h">
      <Filter>头文件</Filter>
    </ClInclude>
    <ClInclude Include="Timing.h">
      <Filter>头文件</Filter>
    </ClInclude>
    <ClInclude Include="SpriteFont.h">
      <Filter>头文件</Filter>
    </ClInclude>
    <ClInclude Include="AudioEngine.h">
      <Filter>头文件</Filter>
    </ClInclude>
    <ClInclude Include="ParticleEngine2D.h">
      <Filter>头文件</Filter>
    </ClInclude>
    <ClInclude Include="ParticleBatch2D.h">
      <Filter>头文件</Filter>
    </ClInclude>
    <ClInclude Include="Box2D.h">
      <Filter>头文件</Filter>
    </ClInclude>
  </ItemGroup>
  <ItemGroup>
    <Text Include="ReadMe.txt">
      <Filter>资源文件</Filter>
    </Text>
  </ItemGroup>
  <ItemGroup>
    <None Include="ClassDiagram.cd" />
  </ItemGroup>
</Project>